
Microsoft Visual Studio Solution File, Format Version 12.00
# Visual Studio 15
VisualStudioVersion = 15.0.27004.2005
MinimumVisualStudioVersion = 10.0.40219.1
Project("{FAE04EC0-301F-11D3-BF4B-00C04F79EFBC}") = "UserManagerApp", "UserManagerApp\UserManagerApp.csproj", "{74F440DA-8601-4F89-B7DC-C6F4D22E91BD}"
EndProject
Global
	GlobalSection(SolutionConfigurationPlatforms) = preSolution
		Debug|Any CPU = Debug|Any CPU
		Release|Any CPU = Release|Any CPU
	EndGlobalSection
	GlobalSection(ProjectConfigurationPlatforms) = postSolution
		{74F440DA-8601-4F89-B7DC-C6F4D22E91BD}.Debug|Any CPU.ActiveCfg = Debug|Any CPU
		{74F440DA-8601-4F89-B7DC-C6F4D22E91BD}.Debug|Any CPU.Build.0 = Debug|Any CPU
		{74F440DA-8601-4F89-B7DC-C6F4D22E91BD}.Release|Any CPU.ActiveCfg = Release|Any CPU
		{74F440DA-8601-4F89-B7DC-C6F4D22E91BD}.Release|Any CPU.Build.0 = Release|Any CPU
	EndGlobalSection
	GlobalSection(SolutionProperties) = preSolution
		HideSolutionNode = FALSE
	EndGlobalSection
	GlobalSection(ExtensibilityGlobals) = postSolution
		SolutionGuid = {95BCF4B4-8ECA-49B5-B153-CE88FA6CAFBD}
	EndGlobalSection
EndGlobal
